
Microsoft Visual Studio Solution File, Format Version 12.00
# Visual Studio 15
VisualStudioVersion = 15.0.27130.2010
MinimumVisualStudioVersion = 10.0.40219.1
Project("{FAE04EC0-301F-11D3-BF4B-00C04F79EFBC}") = "FunctionsLoadTesting", "FunctionsLoadTesting\FunctionsLoadTesting.csproj", "{695D1584-06A8-4152-A59F-EBFD5BA2EAB0}"
EndProject
Global
	GlobalSection(SolutionConfigurationPlatforms) = preSolution
		Debug|Any CPU = Debug|Any CPU
		Release|Any CPU = Release|Any CPU
	EndGlobalSection
	GlobalSection(ProjectConfigurationPlatforms) = postSolution
		{695D1584-06A8-4152-A59F-EBFD5BA2EAB0}.Debug|Any CPU.ActiveCfg = Debug|Any CPU
		{695D1584-06A8-4152-A59F-EBFD5BA2EAB0}.Debug|Any CPU.Build.0 = Debug|Any CPU
		{695D1584-06A8-4152-A59F-EBFD5BA2EAB0}.Release|Any CPU.ActiveCfg = Release|Any CPU
		{695D1584-06A8-4152-A59F-EBFD5BA2EAB0}.Release|Any CPU.Build.0 = Release|Any CPU
	EndGlobalSection
	GlobalSection(SolutionProperties) = preSolution
		HideSolutionNode = FALSE
	EndGlobalSection
	GlobalSection(ExtensibilityGlobals) = postSolution
		SolutionGuid = {6E099B59-B900-4E28-9C9F-112443D53837}
	EndGlobalSection
EndGlobal
